// !$*UTF8*$!
{
	archiveVersion = 1;
	classes = {
	};
	objectVersion = 46;
	objects = {

/* Begin PBXBuildFile section */
		41F8F3A7EA66B14D64BA5D24 /* libPods.a in Frameworks */ = {isa = PBXBuildFile; fileRef = 0F8D2CB22B738C588BEFE11C /* libPods.a */; };
		ED52D4201B5D1044003C6E5E /* Main.storyboard in Resources */ = {isa = PBXBuildFile; fileRef = ED52D41E1B5D1044003C6E5E /* Main.storyboard */; };
		ED52D4221B5D1044003C6E5E /* Images.xcassets in Resources */ = {isa = PBXBuildFile; fileRef = ED52D4211B5D1044003C6E5E /* Images.xcassets */; };
		ED52D4251B5D1044003C6E5E /* LaunchScreen.xib in Resources */ = {isa = PBXBuildFile; fileRef = ED52D4231B5D1044003C6E5E /* LaunchScreen.xib */; };
		ED52D4311B5D1044003C6E5E /* xiaomageTests.m in Sources */ = {isa = PBXBuildFile; fileRef = ED52D4301B5D1044003C6E5E /* xiaomageTests.m */; };
		EDAEAD361B5FAD8E008C3E90 /* AppDelegate.m in Sources */ = {isa = PBXBuildFile; fileRef = EDAEAD2B1B5FAD8E008C3E90 /* AppDelegate.m */; };
		EDAEAD371B5FAD8E008C3E90 /* Info.plist in Resources */ = {isa = PBXBuildFile; fileRef = EDAEAD2C1B5FAD8E008C3E90 /* Info.plist */; };
		EDAEAD381B5FAD8E008C3E90 /* main.m in Sources */ = {isa = PBXBuildFile; fileRef = EDAEAD2D1B5FAD8E008C3E90 /* main.m */; };
		EDAEAD3B1B5FAF98008C3E90 /* CZFtableViewController.m in Sources */ = {isa = PBXBuildFile; fileRef = EDAEAD3A1B5FAF98008C3E90 /* CZFtableViewController.m */; };
/* End PBXBuildFile section */

/* Begin PBXContainerItemProxy section */
		ED52D42B1B5D1044003C6E5E /* PBXContainerItemProxy */ = {
			isa = PBXContainerItemProxy;
			containerPortal = ED52D4091B5D1044003C6E5E /* Project object */;
			proxyType = 1;
			remoteGlobalIDString = ED52D4101B5D1044003C6E5E;
			remoteInfo = xiaomage;
		};
/* End PBXContainerItemProxy section */

/* Begin PBXFileReference section */
		0F8D2CB22B738C588BEFE11C /* libPods.a */ = {isa = PBXFileReference; explicitFileType = archive.ar; includeInIndex = 0; path = libPods.a; sourceTree = BUILT_PRODUCTS_DIR; };
		459E289D4A1E295FFFD0C3C5 /* Pods.release.xcconfig */ = {isa = PBXFileReference; includeInIndex = 1; lastKnownFileType = text.xcconfig; name = Pods.release.xcconfig; path = "Pods/Target Support Files/Pods/Pods.release.xcconfig"; sourceTree = "<group>"; };
		ED52D4111B5D1044003C6E5E /* xiaomage.app */ = {isa = PBXFileReference; explicitFileType = wrapper.application; includeInIndex = 0; path = xiaomage.app; sourceTree = BUILT_PRODUCTS_DIR; };
		ED52D41F1B5D1044003C6E5E /* Base */ = {isa = PBXFileReference; lastKnownFileType = file.storyboard; name = Base; path = Base.lproj/Main.storyboard; sourceTree = "<group>"; };
		ED52D4211B5D1044003C6E5E /* Images.xcassets */ = {isa = PBXFileReference; lastKnownFileType = folder.assetcatalog; path = Images.xcassets; sourceTree = "<group>"; };
		ED52D4241B5D1044003C6E5E /* Base */ = {isa = PBXFileReference; lastKnownFileType = file.xib; name = Base; path = Base.lproj/LaunchScreen.xib; sourceTree = "<group>"; };
		ED52D42A1B5D1044003C6E5E /* xiaomageTests.xctest */ = {isa = PBXFileReference; explicitFileType = wrapper.cfbundle; includeInIndex = 0; path = xiaomageTests.xctest; sourceTree = BUILT_PRODUCTS_DIR; };
		ED52D42F1B5D1044003C6E5E /* Info.plist */ = {isa = PBXFileReference; lastKnownFileType = text.plist.xml; path = Info.plist; sourceTree = "<group>"; };
		ED52D4301B5D1044003C6E5E /* xiaomageTests.m */ = {isa = PBXFileReference; lastKnownFileType = sourcecode.c.objc; path = xiaomageTests.m; sourceTree = "<group>"; };
		EDAEAD2A1B5FAD8E008C3E90 /* AppDelegate.h */ = {isa = PBXFileReference; fileEncoding = 4; lastKnownFileType = sourcecode.c.h; path = AppDelegate.h; sourceTree = "<group>"; };
		EDAEAD2B1B5FAD8E008C3E90 /* AppDelegate.m */ = {isa = PBXFileReference; fileEncoding = 4; lastKnownFileType = sourcecode.c.objc; path = AppDelegate.m; sourceTree = "<group>"; };
		EDAEAD2C1B5FAD8E008C3E90 /* Info.plist */ = {isa = PBXFileReference; fileEncoding = 4; lastKnownFileType = text.plist.xml; path = Info.plist; sourceTree = "<group>"; };
		EDAEAD2D1B5FAD8E008C3E90 /* main.m */ = {isa = PBXFileReference; fileEncoding = 4; lastKnownFileType = sourcecode.c.objc; path = main.m; sourceTree = "<group>"; };
		EDAEAD391B5FAF98008C3E90 /* CZFtableViewController.h */ = {isa = PBXFileReference; fileEncoding = 4; lastKnownFileType = sourcecode.c.h; path = CZFtableViewController.h; sourceTree = "<group>"; };
		EDAEAD3A1B5FAF98008C3E90 /* CZFtableViewController.m */ = {isa = PBXFileReference; fileEncoding = 4; lastKnownFileType = sourcecode.c.objc; path = CZFtableViewController.m; sourceTree = "<group>"; };
		F48C0D99A0510EA0300F8A3E /* Pods.debug.xcconfig */ = {isa = PBXFileReference; includeInIndex = 1; lastKnownFileType = text.xcconfig; name = Pods.debug.xcconfig; path = "Pods/Target Support Files/Pods/Pods.debug.xcconfig"; sourceTree = "<group>"; };
/* End PBXFileReference section */

/* Begin PBXFrameworksBuildPhase section */
		ED52D40E1B5D1044003C6E5E /* Frameworks */ = {
			isa = PBXFrameworksBuildPhase;
			buildActionMask = 2147483647;
			files = (
				41F8F3A7EA66B14D64BA5D24 /* libPods.a in Frameworks */,
			);
			runOnlyForDeploymentPostprocessing = 0;
		};
		ED52D4271B5D1044003C6E5E /* Frameworks */ = {
			isa = PBXFrameworksBuildPhase;
			buildActionMask = 2147483647;
			files = (
			);
			runOnlyForDeploymentPostprocessing = 0;
		};
/* End PBXFrameworksBuildPhase section */

/* Begin PBXGroup section */
		84CFED1A4378CCEB8DFE4321 /* Pods */ = {
			isa = PBXGroup;
			children = (
				F48C0D99A0510EA0300F8A3E /* Pods.debug.xcconfig */,
				459E289D4A1E295FFFD0C3C5 /* Pods.release.xcconfig */,
			);
			name = Pods;
			sourceTree = "<group>";
		};
		96431B7B8A30A03402519E45 /* Frameworks */ = {
			isa = PBXGroup;
			children = (
				0F8D2CB22B738C588BEFE11C /* libPods.a */,
			);
			name = Frameworks;
			sourceTree = "<group>";
		};
		ED52D4081B5D1044003C6E5E = {
			isa = PBXGroup;
			children = (
				ED52D4131B5D1044003C6E5E /* xiaomage */,
				ED52D42D1B5D1044003C6E5E /* xiaomageTests */,
				ED52D4121B5D1044003C6E5E /* Products */,
				84CFED1A4378CCEB8DFE4321 /* Pods */,
				96431B7B8A30A03402519E45 /* Frameworks */,
			);
			sourceTree = "<group>";
		};
		ED52D4121B5D1044003C6E5E /* Products */ = {
			isa = PBXGroup;
			children = (
				ED52D4111B5D1044003C6E5E /* xiaomage.app */,
				ED52D42A1B5D1044003C6E5E /* xiaomageTests.xctest */,
			);
			name = Products;
			sourceTree = "<group>";
		};
		ED52D4131B5D1044003C6E5E /* xiaomage */ = {
			isa = PBXGroup;
			children = (
				EDAEAD241B5FAD8E008C3E90 /* 类 */,
				ED52D4141B5D1044003C6E5E /* Supporting Files */,
			);
			path = xiaomage;
			sourceTree = "<group>";
		};
		ED52D4141B5D1044003C6E5E /* Supporting Files */ = {
			isa = PBXGroup;
			children = (
				ED52D41E1B5D1044003C6E5E /* Main.storyboard */,
				ED52D4211B5D1044003C6E5E /* Images.xcassets */,
				ED52D4231B5D1044003C6E5E /* LaunchScreen.xib */,
			);
			name = "Supporting Files";
			sourceTree = "<group>";
		};
		ED52D42D1B5D1044003C6E5E /* xiaomageTests */ = {
			isa = PBXGroup;
			children = (
				ED52D4301B5D1044003C6E5E /* xiaomageTests.m */,
				ED52D42E1B5D1044003C6E5E /* Supporting Files */,
			);
			path = xiaomageTests;
			sourceTree = "<group>";
		};
		ED52D42E1B5D1044003C6E5E /* Supporting Files */ = {
			isa = PBXGroup;
			children = (
				ED52D42F1B5D1044003C6E5E /* Info.plist */,
			);
			name = "Supporting Files";
			sourceTree = "<group>";
		};
		EDAEAD241B5FAD8E008C3E90 /* 类 */ = {
			isa = PBXGroup;
			children = (
				EDAEAD3C1B5FC0E9008C3E90 /* 登录 */,
				EDAEAD321B5FAD8E008C3E90 /* 表格 */,
				EDAEAD2E1B5FAD8E008C3E90 /* 学习记录 */,
				EDAEAD251B5FAD8E008C3E90 /* 个人信息 */,
				EDAEAD291B5FAD8E008C3E90 /* 其他 */,
			);
			path = "类";
			sourceTree = "<group>";
		};
		EDAEAD251B5FAD8E008C3E90 /* 个人信息 */ = {
			isa = PBXGroup;
			children = (
				EDAEAD261B5FAD8E008C3E90 /* controller */,
				EDAEAD271B5FAD8E008C3E90 /* model */,
				EDAEAD281B5FAD8E008C3E90 /* view */,
			);
			path = "个人信息";
			sourceTree = "<group>";
		};
		EDAEAD261B5FAD8E008C3E90 /* controller */ = {
			isa = PBXGroup;
			children = (
			);
			path = controller;
			sourceTree = "<group>";
		};
		EDAEAD271B5FAD8E008C3E90 /* model */ = {
			isa = PBXGroup;
			children = (
			);
			path = model;
			sourceTree = "<group>";
		};
		EDAEAD281B5FAD8E008C3E90 /* view */ = {
			isa = PBXGroup;
			children = (
			);
			path = view;
			sourceTree = "<group>";
		};
		EDAEAD291B5FAD8E008C3E90 /* 其他 */ = {
			isa = PBXGroup;
			children = (
				EDAEAD2A1B5FAD8E008C3E90 /* AppDelegate.h */,
				EDAEAD2B1B5FAD8E008C3E90 /* AppDelegate.m */,
				EDAEAD2C1B5FAD8E008C3E90 /* Info.plist */,
				EDAEAD2D1B5FAD8E008C3E90 /* main.m */,
			);
			path = "其他";
			sourceTree = "<group>";
		};
		EDAEAD2E1B5FAD8E008C3E90 /* 学习记录 */ = {
			isa = PBXGroup;
			children = (
				EDAEAD2F1B5FAD8E008C3E90 /* controller */,
				EDAEAD301B5FAD8E008C3E90 /* model */,
				EDAEAD311B5FAD8E008C3E90 /* view */,
			);
			path = "学习记录";
			sourceTree = "<group>";
		};
		EDAEAD2F1B5FAD8E008C3E90 /* controller */ = {
			isa = PBXGroup;
			children = (
			);
			path = controller;
			sourceTree = "<group>";
		};
		EDAEAD301B5FAD8E008C3E90 /* model */ = {
			isa = PBXGroup;
			children = (
			);
			path = model;
			sourceTree = "<group>";
		};
		EDAEAD311B5FAD8E008C3E90 /* view */ = {
			isa = PBXGroup;
			children = (
			);
			path = view;
			sourceTree = "<group>";
		};
		EDAEAD321B5FAD8E008C3E90 /* 表格 */ = {
			isa = PBXGroup;
			children = (
				EDAEAD331B5FAD8E008C3E90 /* controller */,
				EDAEAD341B5FAD8E008C3E90 /* model */,
				EDAEAD351B5FAD8E008C3E90 /* view */,
			);
			path = "表格";
			sourceTree = "<group>";
		};
		EDAEAD331B5FAD8E008C3E90 /* controller */ = {
			isa = PBXGroup;
			children = (
				EDAEAD391B5FAF98008C3E90 /* CZFtableViewController.h */,
				EDAEAD3A1B5FAF98008C3E90 /* CZFtableViewController.m */,
			);
			path = controller;
			sourceTree = "<group>";
		};
		EDAEAD341B5FAD8E008C3E90 /* model */ = {
			isa = PBXGroup;
			children = (
			);
			path = model;
			sourceTree = "<group>";
		};
		EDAEAD351B5FAD8E008C3E90 /* view */ = {
			isa = PBXGroup;
			children = (
			);
			path = view;
			sourceTree = "<group>";
		};
		EDAEAD3C1B5FC0E9008C3E90 /* 登录 */ = {
			isa = PBXGroup;
			children = (
				EDAEAD3D1B5FC0FA008C3E90 /* controller */,
				EDAEAD3E1B5FC0FA008C3E90 /* model */,
				EDAEAD3F1B5FC0FA008C3E90 /* view */,
			);
			path = "登录";
			sourceTree = "<group>";
		};
		EDAEAD3D1B5FC0FA008C3E90 /* controller */ = {
			isa = PBXGroup;
			children = (
			);
			path = controller;
			sourceTree = "<group>";
		};
		EDAEAD3E1B5FC0FA008C3E90 /* model */ = {
			isa = PBXGroup;
			children = (
			);
			path = model;
			sourceTree = "<group>";
		};
		EDAEAD3F1B5FC0FA008C3E90 /* view */ = {
			isa = PBXGroup;
			children = (
			);
			path = view;
			sourceTree = "<group>";
		};
/* End PBXGroup section */

/* Begin PBXNativeTarget section */
		ED52D4101B5D1044003C6E5E /* xiaomage */ = {
			isa = PBXNativeTarget;
			buildConfigurationList = ED52D4341B5D1044003C6E5E /* Build configuration list for PBXNativeTarget "xiaomage" */;
			buildPhases = (
				702CC352838998008B41BF97 /* Check Pods Manifest.lock */,
				ED52D40D1B5D1044003C6E5E /* Sources */,
				ED52D40E1B5D1044003C6E5E /* Frameworks */,
				ED52D40F1B5D1044003C6E5E /* Resources */,
				5FDA565DD5E79D821EA54230 /* Copy Pods Resources */,
			);
			buildRules = (
			);
			dependencies = (
			);
			name = xiaomage;
			productName = xiaomage;
			productReference = ED52D4111B5D1044003C6E5E /* xiaomage.app */;
			productType = "com.apple.product-type.application";
		};
		ED52D4291B5D1044003C6E5E /* xiaomageTests */ = {
			isa = PBXNativeTarget;
			buildConfigurationList = ED52D4371B5D1044003C6E5E /* Build configuration list for PBXNativeTarget "xiaomageTests" */;
			buildPhases = (
				ED52D4261B5D1044003C6E5E /* Sources */,
				ED52D4271B5D1044003C6E5E /* Frameworks */,
				ED52D4281B5D1044003C6E5E /* Resources */,
			);
			buildRules = (
			);
			dependencies = (
				ED52D42C1B5D1044003C6E5E /* PBXTargetDependency */,
			);
			name = xiaomageTests;
			productName = xiaomageTests;
			productReference = ED52D42A1B5D1044003C6E5E /* xiaomageTests.xctest */;
			productType = "com.apple.product-type.bundle.unit-test";
		};
/* End PBXNativeTarget section */

/* Begin PBXProject section */
		ED52D4091B5D1044003C6E5E /* Project object */ = {
			isa = PBXProject;
			attributes = {
				CLASSPREFIX = CZF;
				LastUpgradeCheck = 0640;
				ORGANIZATIONNAME = "陈泽峰";
				TargetAttributes = {
					ED52D4101B5D1044003C6E5E = {
						CreatedOnToolsVersion = 6.4;
					};
					ED52D4291B5D1044003C6E5E = {
						CreatedOnToolsVersion = 6.4;
						TestTargetID = ED52D4101B5D1044003C6E5E;
					};
				};
			};
			buildConfigurationList = ED52D40C1B5D1044003C6E5E /* Build configuration list for PBXProject "xiaomage" */;
			compatibilityVersion = "Xcode 3.2";
			developmentRegion = English;
			hasScannedForEncodings = 0;
			knownRegions = (
				en,
				Base,
			);
			mainGroup = ED52D4081B5D1044003C6E5E;
			productRefGroup = ED52D4121B5D1044003C6E5E /* Products */;
			projectDirPath = "";
			projectRoot = "";
			targets = (
				ED52D4101B5D1044003C6E5E /* xiaomage */,
				ED52D4291B5D1044003C6E5E /* xiaomageTests */,
			);
		};
/* End PBXProject section */

/* Begin PBXResourcesBuildPhase section */
		ED52D40F1B5D1044003C6E5E /* Resources */ = {
			isa = PBXResourcesBuildPhase;
			buildActionMask = 2147483647;
			files = (
				EDAEAD371B5FAD8E008C3E90 /* Info.plist in Resources */,
				ED52D4201B5D1044003C6E5E /* Main.storyboard in Resources */,
				ED52D4251B5D1044003C6E5E /* LaunchScreen.xib in Resources */,
				ED52D4221B5D1044003C6E5E /* Images.xcassets in Resources */,
			);
			runOnlyForDeploymentPostprocessing = 0;
		};
		ED52D4281B5D1044003C6E5E /* Resources */ = {
			isa = PBXResourcesBuildPhase;
			buildActionMask = 2147483647;
			files = (
			);
			runOnlyForDeploymentPostprocessing = 0;
		};
/* End PBXResourcesBuildPhase section */

/* Begin PBXShellScriptBuildPhase section */
		5FDA565DD5E79D821EA54230 /* Copy Pods Resources */ = {
			isa = PBXShellScriptBuildPhase;
			buildActionMask = 2147483647;
			files = (
			);
			inputPaths = (
			);
			name = "Copy Pods Resources";
			outputPaths = (
			);
			runOnlyForDeploymentPostprocessing = 0;
			shellPath = /bin/sh;
			shellScript = "\"${SRCROOT}/Pods/Target Support Files/Pods/Pods-resources.sh\"\n";
			showEnvVarsInLog = 0;
		};
		702CC352838998008B41BF97 /* Check Pods Manifest.lock */ = {
			isa = PBXShellScriptBuildPhase;
			buildActionMask = 2147483647;
			files = (
			);
			inputPaths = (
			);
			name = "Check Pods Manifest.lock";
			outputPaths = (
			);
			runOnlyForDeploymentPostprocessing = 0;
			shellPath = /bin/sh;
			shellScript = "diff \"${PODS_ROOT}/../Podfile.lock\" \"${PODS_ROOT}/Manifest.lock\" > /dev/null\nif [[ $? != 0 ]] ; then\n    cat << EOM\nerror: The sandbox is not in sync with the Podfile.lock. Run 'pod install' or update your CocoaPods installation.\nEOM\n    exit 1\nfi\n";
			showEnvVarsInLog = 0;
		};
/* End PBXShellScriptBuildPhase section */

/* Begin PBXSourcesBuildPhase section */
		ED52D40D1B5D1044003C6E5E /* Sources */ = {
			isa = PBXSourcesBuildPhase;
			buildActionMask = 2147483647;
			files = (
				EDAEAD381B5FAD8E008C3E90 /* main.m in Sources */,
				EDAEAD361B5FAD8E008C3E90 /* AppDelegate.m in Sources */,
				EDAEAD3B1B5FAF98008C3E90 /* CZFtableViewController.m in Sources */,
			);
			runOnlyForDeploymentPostprocessing = 0;
		};
		ED52D4261B5D1044003C6E5E /* Sources */ = {
			isa = PBXSourcesBuildPhase;
			buildActionMask = 2147483647;
			files = (
				ED52D4311B5D1044003C6E5E /* xiaomageTests.m in Sources */,
			);
			runOnlyForDeploymentPostprocessing = 0;
		};
/* End PBXSourcesBuildPhase section */

/* Begin PBXTargetDependency section */
		ED52D42C1B5D1044003C6E5E /* PBXTargetDependency */ = {
			isa = PBXTargetDependency;
			target = ED52D4101B5D1044003C6E5E /* xiaomage */;
			targetProxy = ED52D42B1B5D1044003C6E5E /* PBXContainerItemProxy */;
		};
/* End PBXTargetDependency section */

/* Begin PBXVariantGroup section */
		ED52D41E1B5D1044003C6E5E /* Main.storyboard */ = {
			isa = PBXVariantGroup;
			children = (
				ED52D41F1B5D1044003C6E5E /* Base */,
			);
			name = Main.storyboard;
			sourceTree = "<group>";
		};
		ED52D4231B5D1044003C6E5E /* LaunchScreen.xib */ = {
			isa = PBXVariantGroup;
			children = (
				ED52D4241B5D1044003C6E5E /* Base */,
			);
			name = LaunchScreen.xib;
			sourceTree = "<group>";
		};
/* End PBXVariantGroup section */

/* Begin XCBuildConfiguration section */
		ED52D4321B5D1044003C6E5E /* Debug */ = {
			isa = XCBuildConfiguration;
			buildSettings = {
				ALWAYS_SEARCH_USER_PATHS = NO;
				CLANG_CXX_LANGUAGE_STANDARD = "gnu++0x";
				CLANG_CXX_LIBRARY = "libc++";
				CLANG_ENABLE_MODULES = YES;
				CLANG_ENABLE_OBJC_ARC = YES;
				CLANG_WARN_BOOL_CONVERSION = YES;
				CLANG_WARN_CONSTANT_CONVERSION = YES;
				CLANG_WARN_DIRECT_OBJC_ISA_USAGE = YES_ERROR;
				CLANG_WARN_EMPTY_BODY = YES;
				CLANG_WARN_ENUM_CONVERSION = YES;
				CLANG_WARN_INT_CONVERSION = YES;
				CLANG_WARN_OBJC_ROOT_CLASS = YES_ERROR;
				CLANG_WARN_UNREACHABLE_CODE = YES;
				CLANG_WARN__DUPLICATE_METHOD_MATCH = YES;
				"CODE_SIGN_IDENTITY[sdk=iphoneos*]" = "iPhone Developer";
				COPY_PHASE_STRIP = NO;
				DEBUG_INFORMATION_FORMAT = "dwarf-with-dsym";
				ENABLE_STRICT_OBJC_MSGSEND = YES;
				GCC_C_LANGUAGE_STANDARD = gnu99;
				GCC_DYNAMIC_NO_PIC = NO;
				GCC_NO_COMMON_BLOCKS = YES;
				GCC_OPTIMIZATION_LEVEL = 0;
				GCC_PREPROCESSOR_DEFINITIONS = (
					"DEBUG=1",
					"$(inherited)",
				);
				GCC_SYMBOLS_PRIVATE_EXTERN = NO;
				GCC_WARN_64_TO_32_BIT_CONVERSION = YES;
				GCC_WARN_ABOUT_RETURN_TYPE = YES_ERROR;
				GCC_WARN_UNDECLARED_SELECTOR = YES;
				GCC_WARN_UNINITIALIZED_AUTOS = YES_AGGRESSIVE;
				GCC_WARN_UNUSED_FUNCTION = YES;
				GCC_WARN_UNUSED_VARIABLE = YES;
				IPHONEOS_DEPLOYMENT_TARGET = 8.4;
				MTL_ENABLE_DEBUG_INFO = YES;
				ONLY_ACTIVE_ARCH = YES;
				SDKROOT = iphoneos;
			};
			name = Debug;
		};
		ED52D4331B5D1044003C6E5E /* Release */ = {
			isa = XCBuildConfiguration;
			buildSettings = {
				ALWAYS_SEARCH_USER_PATHS = NO;
				CLANG_CXX_LANGUAGE_STANDARD = "gnu++0x";
				CLANG_CXX_LIBRARY = "libc++";
				CLANG_ENABLE_MODULES = YES;
				CLANG_ENABLE_OBJC_ARC = YES;
				CLANG_WARN_BOOL_CONVERSION = YES;
				CLANG_WARN_CONSTANT_CONVERSION = YES;
				CLANG_WARN_DIRECT_OBJC_ISA_USAGE = YES_ERROR;
				CLANG_WARN_EMPTY_BODY = YES;
				CLANG_WARN_ENUM_CONVERSION = YES;
				CLANG_WARN_INT_CONVERSION = YES;
				CLANG_WARN_OBJC_ROOT_CLASS = YES_ERROR;
				CLANG_WARN_UNREACHABLE_CODE = YES;
				CLANG_WARN__DUPLICATE_METHOD_MATCH = YES;
				"CODE_SIGN_IDENTITY[sdk=iphoneos*]" = "iPhone Developer";
				COPY_PHASE_STRIP = NO;
				DEBUG_INFORMATION_FORMAT = "dwarf-with-dsym";
				ENABLE_NS_ASSERTIONS = NO;
				ENABLE_STRICT_OBJC_MSGSEND = YES;
				GCC_C_LANGUAGE_STANDARD = gnu99;
				GCC_NO_COMMON_BLOCKS = YES;
				GCC_WARN_64_TO_32_BIT_CONVERSION = YES;
				GCC_WARN_ABOUT_RETURN_TYPE = YES_ERROR;
				GCC_WARN_UNDECLARED_SELECTOR = YES;
				GCC_WARN_UNINITIALIZED_AUTOS = YES_AGGRESSIVE;
				GCC_WARN_UNUSED_FUNCTION = YES;
				GCC_WARN_UNUSED_VARIABLE = YES;
				IPHONEOS_DEPLOYMENT_TARGET = 8.4;
				MTL_ENABLE_DEBUG_INFO = NO;
				SDKROOT = iphoneos;
				VALIDATE_PRODUCT = YES;
			};
			name = Release;
		};
		ED52D4351B5D1044003C6E5E /* Debug */ = {
			isa = XCBuildConfiguration;
			baseConfigurationReference = F48C0D99A0510EA0300F8A3E /* Pods.debug.xcconfig */;
			buildSettings = {
				ASSETCATALOG_COMPILER_APPICON_NAME = AppIcon;
				ASSETCATALOG_COMPILER_LAUNCHIMAGE_NAME = LaunchImage;
				INFOPLIST_FILE = "xiaomage/类/其他/Info.plist";
				IPHONEOS_DEPLOYMENT_TARGET = 7.0;
				LD_RUNPATH_SEARCH_PATHS = "$(inherited) @executable_path/Frameworks";
				PRODUCT_NAME = "$(TARGET_NAME)";
			};
			name = Debug;
		};
		ED52D4361B5D1044003C6E5E /* Release */ = {
			isa = XCBuildConfiguration;
			baseConfigurationReference = 459E289D4A1E295FFFD0C3C5 /* Pods.release.xcconfig */;
			buildSettings = {
				ASSETCATALOG_COMPILER_APPICON_NAME = AppIcon;
				ASSETCATALOG_COMPILER_LAUNCHIMAGE_NAME = LaunchImage;
				INFOPLIST_FILE = "xiaomage/类/其他/Info.plist";
				IPHONEOS_DEPLOYMENT_TARGET = 7.0;
				LD_RUNPATH_SEARCH_PATHS = "$(inherited) @executable_path/Frameworks";
				PRODUCT_NAME = "$(TARGET_NAME)";
			};
			name = Release;
		};
		ED52D4381B5D1044003C6E5E /* Debug */ = {
			isa = XCBuildConfiguration;
			buildSettings = {
				BUNDLE_LOADER = "$(TEST_HOST)";
				FRAMEWORK_SEARCH_PATHS = (
					"$(SDKROOT)/Developer/Library/Frameworks",
					"$(inherited)",
				);
				GCC_PREPROCESSOR_DEFINITIONS = (
					"DEBUG=1",
					"$(inherited)",
				);
				INFOPLIST_FILE = xiaomageTests/Info.plist;
				LD_RUNPATH_SEARCH_PATHS = "$(inherited) @executable_path/Frameworks @loader_path/Frameworks";
				PRODUCT_NAME = "$(TARGET_NAME)";
				TEST_HOST = "$(BUILT_PRODUCTS_DIR)/xiaomage.app/xiaomage";
			};
			name = Debug;
		};
		ED52D4391B5D1044003C6E5E /* Release */ = {
			isa = XCBuildConfiguration;
			buildSettings = {
				BUNDLE_LOADER = "$(TEST_HOST)";
				FRAMEWORK_SEARCH_PATHS = (
					"$(SDKROOT)/Developer/Library/Frameworks",
					"$(inherited)",
				);
				INFOPLIST_FILE = xiaomageTests/Info.plist;
				LD_RUNPATH_SEARCH_PATHS = "$(inherited) @executable_path/Frameworks @loader_path/Frameworks";
				PRODUCT_NAME = "$(TARGET_NAME)";
				TEST_HOST = "$(BUILT_PRODUCTS_DIR)/xiaomage.app/xiaomage";
			};
			name = Release;
		};
/* End XCBuildConfiguration section */

/* Begin XCConfigurationList section */
		ED52D40C1B5D1044003C6E5E /* Build configuration list for PBXProject "xiaomage" */ = {
			isa = XCConfigurationList;
			buildConfigurations = (
				ED52D4321B5D1044003C6E5E /* Debug */,
				ED52D4331B5D1044003C6E5E /* Release */,
			);
			defaultConfigurationIsVisible = 0;
			defaultConfigurationName = Release;
		};
		ED52D4341B5D1044003C6E5E /* Build configuration list for PBXNativeTarget "xiaomage" */ = {
			isa = XCConfigurationList;
			buildConfigurations = (
				ED52D4351B5D1044003C6E5E /* Debug */,
				ED52D4361B5D1044003C6E5E /* Release */,
			);
			defaultConfigurationIsVisible = 0;
			defaultConfigurationName = Release;
		};
		ED52D4371B5D1044003C6E5E /* Build configuration list for PBXNativeTarget "xiaomageTests" */ = {
			isa = XCConfigurationList;
			buildConfigurations = (
				ED52D4381B5D1044003C6E5E /* Debug */,
				ED52D4391B5D1044003C6E5E /* Release */,
			);
			defaultConfigurationIsVisible = 0;
			defaultConfigurationName = Release;
		};
/* End XCConfigurationList section */
	};
	rootObject = ED52D4091B5D1044003C6E5E /* Project object */;
}
